
Microsoft Visual Studio Solution File, Format Version 9.00
# Visual Studio 2005
Project("{FAE04EC0-301F-11D3-BF4B-00C04F79EFBC}") = "nodecs", "nodecs\nodecs.csproj", "{0DF0E85F-EE43-4618-B328-61EF51F89B04}"
EndProject
Project("{FAE04EC0-301F-11D3-BF4B-00C04F79EFBC}") = "nodecs.test", "nodecs.test\nodecs.test.csproj", "{011B4941-72C3-4BE6-B274-66B1D2DA16D4}"
EndProject
Global
	GlobalSection(SolutionConfigurationPlatforms) = preSolution
		Debug|Any CPU = Debug|Any CPU
		Release|Any CPU = Release|Any CPU
	EndGlobalSection
	GlobalSection(ProjectConfigurationPlatforms) = postSolution
		{011B4941-72C3-4BE6-B274-66B1D2DA16D4}.Debug|Any CPU.ActiveCfg = Debug|Any CPU
		{011B4941-72C3-4BE6-B274-66B1D2DA16D4}.Debug|Any CPU.Build.0 = Debug|Any CPU
		{011B4941-72C3-4BE6-B274-66B1D2DA16D4}.Release|Any CPU.ActiveCfg = Release|Any CPU
		{011B4941-72C3-4BE6-B274-66B1D2DA16D4}.Release|Any CPU.Build.0 = Release|Any CPU
		{0DF0E85F-EE43-4618-B328-61EF51F89B04}.Debug|Any CPU.ActiveCfg = Debug|Any CPU
		{0DF0E85F-EE43-4618-B328-61EF51F89B04}.Debug|Any CPU.Build.0 = Debug|Any CPU
		{0DF0E85F-EE43-4618-B328-61EF51F89B04}.Release|Any CPU.ActiveCfg = Release|Any CPU
		{0DF0E85F-EE43-4618-B328-61EF51F89B04}.Release|Any CPU.Build.0 = Release|Any CPU
	EndGlobalSection
	GlobalSection(MonoDevelopProperties) = preSolution
		StartupItem = nodecs\nodecs.csproj
	EndGlobalSection
EndGlobal
