
Microsoft Visual Studio Solution File, Format Version 9.00
# Visual Studio 2005
Project("{FAE04EC0-301F-11D3-BF4B-00C04F79EFBC}") = "NodeCS", "nodecs\NodeCS.csproj", "{0DF0E85F-EE43-4618-B328-61EF51F89B04}"
EndProject
Project("{FAE04EC0-301F-11D3-BF4B-00C04F79EFBC}") = "nodecs.test", "nodecs.test\nodecs.test.csproj", "{011B4941-72C3-4BE6-B274-66B1D2DA16D4}"
EndProject
Project("{9344bdbb-3e7f-41fc-a0dd-8665d75ee146}") = "node", "node.test\node.mdproj", "{4C49EB17-0A7F-422A-BD74-06BA6D20890B}"
EndProject
Global
	GlobalSection(SolutionConfigurationPlatforms) = preSolution
		Debug|Any CPU = Debug|Any CPU
		Release|Any CPU = Release|Any CPU
		Default|Any CPU = Default|Any CPU
	EndGlobalSection
	GlobalSection(ProjectConfigurationPlatforms) = postSolution
		{011B4941-72C3-4BE6-B274-66B1D2DA16D4}.Debug|Any CPU.ActiveCfg = Debug|Any CPU
		{011B4941-72C3-4BE6-B274-66B1D2DA16D4}.Debug|Any CPU.Build.0 = Debug|Any CPU
		{011B4941-72C3-4BE6-B274-66B1D2DA16D4}.Release|Any CPU.ActiveCfg = Release|Any CPU
		{011B4941-72C3-4BE6-B274-66B1D2DA16D4}.Release|Any CPU.Build.0 = Release|Any CPU
		{0DF0E85F-EE43-4618-B328-61EF51F89B04}.Debug|Any CPU.ActiveCfg = Debug|Any CPU
		{0DF0E85F-EE43-4618-B328-61EF51F89B04}.Debug|Any CPU.Build.0 = Debug|Any CPU
		{0DF0E85F-EE43-4618-B328-61EF51F89B04}.Release|Any CPU.ActiveCfg = Release|Any CPU
		{0DF0E85F-EE43-4618-B328-61EF51F89B04}.Release|Any CPU.Build.0 = Release|Any CPU
		{4C49EB17-0A7F-422A-BD74-06BA6D20890B}.Debug|Any CPU.ActiveCfg = Default|Any CPU
		{4C49EB17-0A7F-422A-BD74-06BA6D20890B}.Debug|Any CPU.Build.0 = Default|Any CPU
		{4C49EB17-0A7F-422A-BD74-06BA6D20890B}.Default|Any CPU.ActiveCfg = Default|Any CPU
		{4C49EB17-0A7F-422A-BD74-06BA6D20890B}.Default|Any CPU.Build.0 = Default|Any CPU
		{4C49EB17-0A7F-422A-BD74-06BA6D20890B}.Release|Any CPU.ActiveCfg = Default|Any CPU
		{4C49EB17-0A7F-422A-BD74-06BA6D20890B}.Release|Any CPU.Build.0 = Default|Any CPU
	EndGlobalSection
	GlobalSection(MonoDevelopProperties) = preSolution
		StartupItem = nodecs\NodeCS.csproj
		Policies = $0
		$0.DotNetNamingPolicy = $1
		$1.DirectoryNamespaceAssociation = Hierarchical
		$1.ResourceNamePolicy = FileFormatDefault
		$0.TextStylePolicy = $2
		$2.FileWidth = 120
		$2.NoTabsAfterNonTabs = True
		$2.RemoveTrailingWhitespace = True
		$2.inheritsSet = VisualStudio
		$2.inheritsScope = text/plain
		$2.scope = text/x-csharp
		$0.CSharpFormattingPolicy = $3
		$3.BeforeMethodCallParentheses = False
		$3.BeforeMethodDeclarationParentheses = False
		$3.BeforeConstructorDeclarationParentheses = False
		$3.BeforeDelegateDeclarationParentheses = False
		$3.NewParentheses = False
		$3.IfParentheses = False
		$3.WhileParentheses = False
		$3.ForParentheses = False
		$3.ForeachParentheses = False
		$3.CatchParentheses = False
		$3.SwitchParentheses = False
		$3.LockParentheses = False
		$3.UsingParentheses = False
		$3.WithinParentheses = True
		$3.WithinMethodCallParentheses = True
		$3.WithinMethodDeclarationParentheses = True
		$3.WithinIfParentheses = True
		$3.WithinWhileParentheses = True
		$3.WithinForParentheses = True
		$3.WithinForEachParentheses = True
		$3.WithinCatchParentheses = True
		$3.WithinSwitchParentheses = True
		$3.WithinLockParentheses = True
		$3.WithinUsingParentheses = True
		$3.WithinCheckedExpressionParantheses = True
		$3.inheritsSet = Mono
		$3.inheritsScope = text/x-csharp
		$3.scope = text/x-csharp
	EndGlobalSection
EndGlobal
